
Microsoft Visual Studio Solution File, Format Version 12.00
# Visual Studio Version 17
VisualStudioVersion = 17.11.35303.130
MinimumVisualStudioVersion = 10.0.40219.1
Project("{2150E333-8FDC-42A3-9474-1A3956D46DE8}") = "Task0", "Task0", "{2BD5A0ED-4A07-4F8A-80F0-387B18C65A80}"
EndProject
Project("{9A19103F-16F7-4668-BE54-9A1E7A4F7556}") = "Tyuiu.UhalovAK.Sprint5.Task0.V28", "Tyuiu.UhalovAK.Sprint5.Task0.V28\Tyuiu.UhalovAK.Sprint5.Task0.V28.csproj", "{4ECB3713-79A4-4BFD-A31B-AD317DC4A116}"
EndProject
Project("{9A19103F-16F7-4668-BE54-9A1E7A4F7556}") = "Tyuiu.UhalovAK.Sprint5.Task0.V28.Lib", "Tyuiu.UhalovAK.Sprint5.Task0.V28.Lib\Tyuiu.UhalovAK.Sprint5.Task0.V28.Lib.csproj", "{3170E3CA-248A-46E1-8081-8DF2E2A8347A}"
EndProject
Project("{9A19103F-16F7-4668-BE54-9A1E7A4F7556}") = "Tyuiu.UhalovAK.Sprint5.Task0.V28.Test", "Tyuiu.UhalovAK.Sprint5.Task0.V28.Test\Tyuiu.UhalovAK.Sprint5.Task0.V28.Test.csproj", "{E5B25A82-4785-44CA-8B9B-5D67878C5351}"
EndProject
Project("{2150E333-8FDC-42A3-9474-1A3956D46DE8}") = "Task1", "Task1", "{FD1CFE90-504D-4A78-BB60-FE532F2CF933}"
EndProject
Project("{9A19103F-16F7-4668-BE54-9A1E7A4F7556}") = "Tyuiu.UhalovAK.Sprint5.Task1.V4", "Tyuiu.UhalovAK.Sprint5.Task1.V4\Tyuiu.UhalovAK.Sprint5.Task1.V4.csproj", "{A4E23D19-B7F7-490B-86D1-73EC218518F7}"
EndProject
Project("{9A19103F-16F7-4668-BE54-9A1E7A4F7556}") = "Tyuiu.UhalovAK.Sprint5.Task1.V4.Lib", "Tyuiu.UhalovAK.Sprint5.Task1.V4.Lib\Tyuiu.UhalovAK.Sprint5.Task1.V4.Lib.csproj", "{59098653-2F22-428C-86F6-081D5528DA7A}"
EndProject
Project("{9A19103F-16F7-4668-BE54-9A1E7A4F7556}") = "Tyuiu.UhalovAK.Sprint5.Task1.V4.Test", "Tyuiu.UhalovAK.Sprint5.Task1.V4.Test\Tyuiu.UhalovAK.Sprint5.Task1.V4.Test.csproj", "{B6D354D7-B532-47BF-966F-A5B57732E8A6}"
EndProject
Project("{2150E333-8FDC-42A3-9474-1A3956D46DE8}") = "Task2", "Task2", "{5316CBB0-305D-4708-92FC-2FD81743CCAD}"
EndProject
Project("{9A19103F-16F7-4668-BE54-9A1E7A4F7556}") = "Tyuiu.UhalovAK.Sprint5.Task2.V5", "Tyuiu.UhalovAK.Sprint5.Task2.V5\Tyuiu.UhalovAK.Sprint5.Task2.V5.csproj", "{60DE78F7-24CD-4626-B05D-2AF502B4D7B3}"
EndProject
Project("{9A19103F-16F7-4668-BE54-9A1E7A4F7556}") = "Tyuiu.UhalovAK.Sprint5.Task2.V5.Lib", "Tyuiu.UhalovAK.Sprint5.Task2.V5.Lib\Tyuiu.UhalovAK.Sprint5.Task2.V5.Lib.csproj", "{685BAA72-9E11-4F96-9B29-EDFEE658F87B}"
EndProject
Project("{9A19103F-16F7-4668-BE54-9A1E7A4F7556}") = "Tyuiu.UhalovAK.Sprint5.Task2.V5.Test", "Tyuiu.UhalovAK.Sprint5.Task2.V5.Test\Tyuiu.UhalovAK.Sprint5.Task2.V5.Test.csproj", "{76BEEA4B-5CFF-4928-82A0-C28DFBB63EAC}"
EndProject
Project("{2150E333-8FDC-42A3-9474-1A3956D46DE8}") = "Task3", "Task3", "{51244CFB-1B71-4CDF-A8BE-DED24511BBE3}"
EndProject
Project("{9A19103F-16F7-4668-BE54-9A1E7A4F7556}") = "Tyuiu.UhalovAK.Sprint5.Task3.V10", "Tyuiu.UhalovAK.Sprint5.Task3.V10\Tyuiu.UhalovAK.Sprint5.Task3.V10.csproj", "{DADEE1CF-9E0A-4C18-B062-5512DD7C58EE}"
EndProject
Project("{9A19103F-16F7-4668-BE54-9A1E7A4F7556}") = "Tyuiu.UhalovAK.Sprint5.Task3.V10.Lib", "Tyuiu.UhalovAK.Sprint5.Task3.V10.Lib\Tyuiu.UhalovAK.Sprint5.Task3.V10.Lib.csproj", "{E1B05B64-E6D8-456C-9716-5252E38064A9}"
EndProject
Project("{9A19103F-16F7-4668-BE54-9A1E7A4F7556}") = "Tyuiu.UhalovAK.Sprint5.Task3.V10.Test", "Tyuiu.UhalovAK.Sprint5.Task3.V10.Test\Tyuiu.UhalovAK.Sprint5.Task3.V10.Test.csproj", "{3647EB03-5070-4C98-B479-C51CE7078D79}"
EndProject
Project("{2150E333-8FDC-42A3-9474-1A3956D46DE8}") = "Task4", "Task4", "{77798A13-629D-48CA-ABEB-A3802F30B9A6}"
EndProject
Project("{FAE04EC0-301F-11D3-BF4B-00C04F79EFBC}") = "Tyuiu.UhalovAK.Sprint5.Task4.V5", "Tyuiu.UhalovAK.Sprint5.Task4.V5\Tyuiu.UhalovAK.Sprint5.Task4.V5.csproj", "{11069FC4-E7D2-4489-AD3B-216FF8571871}"
EndProject
Project("{FAE04EC0-301F-11D3-BF4B-00C04F79EFBC}") = "Tyuiu.UhalovAK.Sprint5.Task4.V5.Lib", "Tyuiu.UhalovAK.Sprint5.Task4.V5.Lib\Tyuiu.UhalovAK.Sprint5.Task4.V5.Lib.csproj", "{9F5EAFD7-87B7-4579-A0E0-309689C79D77}"
EndProject
Project("{FAE04EC0-301F-11D3-BF4B-00C04F79EFBC}") = "Tyuiu.UhalovAK.Sprint5.Task4.V5.Test", "Tyuiu.UhalovAK.Sprint5.Task4.V5.Test\Tyuiu.UhalovAK.Sprint5.Task4.V5.Test.csproj", "{80EABE58-F386-4213-873B-1BB91FEFC2E2}"
EndProject
Project("{2150E333-8FDC-42A3-9474-1A3956D46DE8}") = "Task5", "Task5", "{5B4DCEB8-D2E4-43C8-B2DB-489F34608480}"
EndProject
Project("{FAE04EC0-301F-11D3-BF4B-00C04F79EFBC}") = "Tyuiu.UhalovAK.Sprint5.Task5.V30", "Tyuiu.UhalovAK.Sprint5.Task5.V30\Tyuiu.UhalovAK.Sprint5.Task5.V30.csproj", "{0C70C711-5643-4247-902C-E61EC8371DB4}"
EndProject
Project("{FAE04EC0-301F-11D3-BF4B-00C04F79EFBC}") = "Tyuiu.UhalovAK.Sprint5.Task5.V30.Lib", "Tyuiu.UhalovAK.Sprint5.Task5.V30.Lib\Tyuiu.UhalovAK.Sprint5.Task5.V30.Lib.csproj", "{FD4C4594-322F-4A17-948A-CAA1F6390112}"
EndProject
Project("{FAE04EC0-301F-11D3-BF4B-00C04F79EFBC}") = "Tyuiu.UhalovAK.Sprint5.Task5.V30.Test", "Tyuiu.UhalovAK.Sprint5.Task5.V30.Test\Tyuiu.UhalovAK.Sprint5.Task5.V30.Test.csproj", "{A4BB7C8D-D369-4881-949F-BD043D2A3077}"
EndProject
Project("{2150E333-8FDC-42A3-9474-1A3956D46DE8}") = "Task6", "Task6", "{AF8E7D0F-DBB0-4761-99F4-428115F49341}"
EndProject
Project("{FAE04EC0-301F-11D3-BF4B-00C04F79EFBC}") = "Tyuiu.UhalovAK.Sprint5.Task6.V25", "Tyuiu.UhalovAK.Sprint5.Task6.V25\Tyuiu.UhalovAK.Sprint5.Task6.V25.csproj", "{6F50DF04-7E52-4A68-9CEE-0D08C8819048}"
EndProject
Project("{FAE04EC0-301F-11D3-BF4B-00C04F79EFBC}") = "Tyuiu.UhalovAK.Sprint5.Task6.V25.Lib", "Tyuiu.UhalovAK.Sprint5.Task6.V25.Lib\Tyuiu.UhalovAK.Sprint5.Task6.V25.Lib.csproj", "{9112C4B4-E5CC-4B8C-81CD-D5A57E52860F}"
EndProject
Project("{FAE04EC0-301F-11D3-BF4B-00C04F79EFBC}") = "Tyuiu.UhalovAK.Sprint5.Task6.V25.Test", "Tyuiu.UhalovAK.Sprint5.Task6.V25.Test\Tyuiu.UhalovAK.Sprint5.Task6.V25.Test.csproj", "{C5B470A2-3A71-4DAB-882B-5BFD33ED76F4}"
EndProject
Global
	GlobalSection(SolutionConfigurationPlatforms) = preSolution
		Debug|Any CPU = Debug|Any CPU
		Release|Any CPU = Release|Any CPU
	EndGlobalSection
	GlobalSection(ProjectConfigurationPlatforms) = postSolution
		{4ECB3713-79A4-4BFD-A31B-AD317DC4A116}.Debug|Any CPU.ActiveCfg = Debug|Any CPU
		{4ECB3713-79A4-4BFD-A31B-AD317DC4A116}.Debug|Any CPU.Build.0 = Debug|Any CPU
		{4ECB3713-79A4-4BFD-A31B-AD317DC4A116}.Release|Any CPU.ActiveCfg = Release|Any CPU
		{4ECB3713-79A4-4BFD-A31B-AD317DC4A116}.Release|Any CPU.Build.0 = Release|Any CPU
		{3170E3CA-248A-46E1-8081-8DF2E2A8347A}.Debug|Any CPU.ActiveCfg = Debug|Any CPU
		{3170E3CA-248A-46E1-8081-8DF2E2A8347A}.Debug|Any CPU.Build.0 = Debug|Any CPU
		{3170E3CA-248A-46E1-8081-8DF2E2A8347A}.Release|Any CPU.ActiveCfg = Release|Any CPU
		{3170E3CA-248A-46E1-8081-8DF2E2A8347A}.Release|Any CPU.Build.0 = Release|Any CPU
		{E5B25A82-4785-44CA-8B9B-5D67878C5351}.Debug|Any CPU.ActiveCfg = Debug|Any CPU
		{E5B25A82-4785-44CA-8B9B-5D67878C5351}.Debug|Any CPU.Build.0 = Debug|Any CPU
		{E5B25A82-4785-44CA-8B9B-5D67878C5351}.Release|Any CPU.ActiveCfg = Release|Any CPU
		{E5B25A82-4785-44CA-8B9B-5D67878C5351}.Release|Any CPU.Build.0 = Release|Any CPU
		{A4E23D19-B7F7-490B-86D1-73EC218518F7}.Debug|Any CPU.ActiveCfg = Debug|Any CPU
		{A4E23D19-B7F7-490B-86D1-73EC218518F7}.Debug|Any CPU.Build.0 = Debug|Any CPU
		{A4E23D19-B7F7-490B-86D1-73EC218518F7}.Release|Any CPU.ActiveCfg = Release|Any CPU
		{A4E23D19-B7F7-490B-86D1-73EC218518F7}.Release|Any CPU.Build.0 = Release|Any CPU
		{59098653-2F22-428C-86F6-081D5528DA7A}.Debug|Any CPU.ActiveCfg = Debug|Any CPU
		{59098653-2F22-428C-86F6-081D5528DA7A}.Debug|Any CPU.Build.0 = Debug|Any CPU
		{59098653-2F22-428C-86F6-081D5528DA7A}.Release|Any CPU.ActiveCfg = Release|Any CPU
		{59098653-2F22-428C-86F6-081D5528DA7A}.Release|Any CPU.Build.0 = Release|Any CPU
		{B6D354D7-B532-47BF-966F-A5B57732E8A6}.Debug|Any CPU.ActiveCfg = Debug|Any CPU
		{B6D354D7-B532-47BF-966F-A5B57732E8A6}.Debug|Any CPU.Build.0 = Debug|Any CPU
		{B6D354D7-B532-47BF-966F-A5B57732E8A6}.Release|Any CPU.ActiveCfg = Release|Any CPU
		{B6D354D7-B532-47BF-966F-A5B57732E8A6}.Release|Any CPU.Build.0 = Release|Any CPU
		{60DE78F7-24CD-4626-B05D-2AF502B4D7B3}.Debug|Any CPU.ActiveCfg = Debug|Any CPU
		{60DE78F7-24CD-4626-B05D-2AF502B4D7B3}.Debug|Any CPU.Build.0 = Debug|Any CPU
		{60DE78F7-24CD-4626-B05D-2AF502B4D7B3}.Release|Any CPU.ActiveCfg = Release|Any CPU
		{60DE78F7-24CD-4626-B05D-2AF502B4D7B3}.Release|Any CPU.Build.0 = Release|Any CPU
		{685BAA72-9E11-4F96-9B29-EDFEE658F87B}.Debug|Any CPU.ActiveCfg = Debug|Any CPU
		{685BAA72-9E11-4F96-9B29-EDFEE658F87B}.Debug|Any CPU.Build.0 = Debug|Any CPU
		{685BAA72-9E11-4F96-9B29-EDFEE658F87B}.Release|Any CPU.ActiveCfg = Release|Any CPU
		{685BAA72-9E11-4F96-9B29-EDFEE658F87B}.Release|Any CPU.Build.0 = Release|Any CPU
		{76BEEA4B-5CFF-4928-82A0-C28DFBB63EAC}.Debug|Any CPU.ActiveCfg = Debug|Any CPU
		{76BEEA4B-5CFF-4928-82A0-C28DFBB63EAC}.Debug|Any CPU.Build.0 = Debug|Any CPU
		{76BEEA4B-5CFF-4928-82A0-C28DFBB63EAC}.Release|Any CPU.ActiveCfg = Release|Any CPU
		{76BEEA4B-5CFF-4928-82A0-C28DFBB63EAC}.Release|Any CPU.Build.0 = Release|Any CPU
		{DADEE1CF-9E0A-4C18-B062-5512DD7C58EE}.Debug|Any CPU.ActiveCfg = Debug|Any CPU
		{DADEE1CF-9E0A-4C18-B062-5512DD7C58EE}.Debug|Any CPU.Build.0 = Debug|Any CPU
		{DADEE1CF-9E0A-4C18-B062-5512DD7C58EE}.Release|Any CPU.ActiveCfg = Release|Any CPU
		{DADEE1CF-9E0A-4C18-B062-5512DD7C58EE}.Release|Any CPU.Build.0 = Release|Any CPU
		{E1B05B64-E6D8-456C-9716-5252E38064A9}.Debug|Any CPU.ActiveCfg = Debug|Any CPU
		{E1B05B64-E6D8-456C-9716-5252E38064A9}.Debug|Any CPU.Build.0 = Debug|Any CPU
		{E1B05B64-E6D8-456C-9716-5252E38064A9}.Release|Any CPU.ActiveCfg = Release|Any CPU
		{E1B05B64-E6D8-456C-9716-5252E38064A9}.Release|Any CPU.Build.0 = Release|Any CPU
		{3647EB03-5070-4C98-B479-C51CE7078D79}.Debug|Any CPU.ActiveCfg = Debug|Any CPU
		{3647EB03-5070-4C98-B479-C51CE7078D79}.Debug|Any CPU.Build.0 = Debug|Any CPU
		{3647EB03-5070-4C98-B479-C51CE7078D79}.Release|Any CPU.ActiveCfg = Release|Any CPU
		{3647EB03-5070-4C98-B479-C51CE7078D79}.Release|Any CPU.Build.0 = Release|Any CPU
		{11069FC4-E7D2-4489-AD3B-216FF8571871}.Debug|Any CPU.ActiveCfg = Debug|Any CPU
		{11069FC4-E7D2-4489-AD3B-216FF8571871}.Debug|Any CPU.Build.0 = Debug|Any CPU
		{11069FC4-E7D2-4489-AD3B-216FF8571871}.Release|Any CPU.ActiveCfg = Release|Any CPU
		{11069FC4-E7D2-4489-AD3B-216FF8571871}.Release|Any CPU.Build.0 = Release|Any CPU
		{9F5EAFD7-87B7-4579-A0E0-309689C79D77}.Debug|Any CPU.ActiveCfg = Debug|Any CPU
		{9F5EAFD7-87B7-4579-A0E0-309689C79D77}.Debug|Any CPU.Build.0 = Debug|Any CPU
		{9F5EAFD7-87B7-4579-A0E0-309689C79D77}.Release|Any CPU.ActiveCfg = Release|Any CPU
		{9F5EAFD7-87B7-4579-A0E0-309689C79D77}.Release|Any CPU.Build.0 = Release|Any CPU
		{80EABE58-F386-4213-873B-1BB91FEFC2E2}.Debug|Any CPU.ActiveCfg = Debug|Any CPU
		{80EABE58-F386-4213-873B-1BB91FEFC2E2}.Debug|Any CPU.Build.0 = Debug|Any CPU
		{80EABE58-F386-4213-873B-1BB91FEFC2E2}.Release|Any CPU.ActiveCfg = Release|Any CPU
		{80EABE58-F386-4213-873B-1BB91FEFC2E2}.Release|Any CPU.Build.0 = Release|Any CPU
		{0C70C711-5643-4247-902C-E61EC8371DB4}.Debug|Any CPU.ActiveCfg = Debug|Any CPU
		{0C70C711-5643-4247-902C-E61EC8371DB4}.Debug|Any CPU.Build.0 = Debug|Any CPU
		{0C70C711-5643-4247-902C-E61EC8371DB4}.Release|Any CPU.ActiveCfg = Release|Any CPU
		{0C70C711-5643-4247-902C-E61EC8371DB4}.Release|Any CPU.Build.0 = Release|Any CPU
		{FD4C4594-322F-4A17-948A-CAA1F6390112}.Debug|Any CPU.ActiveCfg = Debug|Any CPU
		{FD4C4594-322F-4A17-948A-CAA1F6390112}.Debug|Any CPU.Build.0 = Debug|Any CPU
		{FD4C4594-322F-4A17-948A-CAA1F6390112}.Release|Any CPU.ActiveCfg = Release|Any CPU
		{FD4C4594-322F-4A17-948A-CAA1F6390112}.Release|Any CPU.Build.0 = Release|Any CPU
		{A4BB7C8D-D369-4881-949F-BD043D2A3077}.Debug|Any CPU.ActiveCfg = Debug|Any CPU
		{A4BB7C8D-D369-4881-949F-BD043D2A3077}.Debug|Any CPU.Build.0 = Debug|Any CPU
		{A4BB7C8D-D369-4881-949F-BD043D2A3077}.Release|Any CPU.ActiveCfg = Release|Any CPU
		{A4BB7C8D-D369-4881-949F-BD043D2A3077}.Release|Any CPU.Build.0 = Release|Any CPU
		{6F50DF04-7E52-4A68-9CEE-0D08C8819048}.Debug|Any CPU.ActiveCfg = Debug|Any CPU
		{6F50DF04-7E52-4A68-9CEE-0D08C8819048}.Debug|Any CPU.Build.0 = Debug|Any CPU
		{6F50DF04-7E52-4A68-9CEE-0D08C8819048}.Release|Any CPU.ActiveCfg = Release|Any CPU
		{6F50DF04-7E52-4A68-9CEE-0D08C8819048}.Release|Any CPU.Build.0 = Release|Any CPU
		{9112C4B4-E5CC-4B8C-81CD-D5A57E52860F}.Debug|Any CPU.ActiveCfg = Debug|Any CPU
		{9112C4B4-E5CC-4B8C-81CD-D5A57E52860F}.Debug|Any CPU.Build.0 = Debug|Any CPU
		{9112C4B4-E5CC-4B8C-81CD-D5A57E52860F}.Release|Any CPU.ActiveCfg = Release|Any CPU
		{9112C4B4-E5CC-4B8C-81CD-D5A57E52860F}.Release|Any CPU.Build.0 = Release|Any CPU
		{C5B470A2-3A71-4DAB-882B-5BFD33ED76F4}.Debug|Any CPU.ActiveCfg = Debug|Any CPU
		{C5B470A2-3A71-4DAB-882B-5BFD33ED76F4}.Debug|Any CPU.Build.0 = Debug|Any CPU
		{C5B470A2-3A71-4DAB-882B-5BFD33ED76F4}.Release|Any CPU.ActiveCfg = Release|Any CPU
		{C5B470A2-3A71-4DAB-882B-5BFD33ED76F4}.Release|Any CPU.Build.0 = Release|Any CPU
	EndGlobalSection
	GlobalSection(SolutionProperties) = preSolution
		HideSolutionNode = FALSE
	EndGlobalSection
	GlobalSection(NestedProjects) = preSolution
		{4ECB3713-79A4-4BFD-A31B-AD317DC4A116} = {2BD5A0ED-4A07-4F8A-80F0-387B18C65A80}
		{3170E3CA-248A-46E1-8081-8DF2E2A8347A} = {2BD5A0ED-4A07-4F8A-80F0-387B18C65A80}
		{E5B25A82-4785-44CA-8B9B-5D67878C5351} = {2BD5A0ED-4A07-4F8A-80F0-387B18C65A80}
		{A4E23D19-B7F7-490B-86D1-73EC218518F7} = {FD1CFE90-504D-4A78-BB60-FE532F2CF933}
		{59098653-2F22-428C-86F6-081D5528DA7A} = {FD1CFE90-504D-4A78-BB60-FE532F2CF933}
		{B6D354D7-B532-47BF-966F-A5B57732E8A6} = {FD1CFE90-504D-4A78-BB60-FE532F2CF933}
		{60DE78F7-24CD-4626-B05D-2AF502B4D7B3} = {5316CBB0-305D-4708-92FC-2FD81743CCAD}
		{685BAA72-9E11-4F96-9B29-EDFEE658F87B} = {5316CBB0-305D-4708-92FC-2FD81743CCAD}
		{76BEEA4B-5CFF-4928-82A0-C28DFBB63EAC} = {5316CBB0-305D-4708-92FC-2FD81743CCAD}
		{DADEE1CF-9E0A-4C18-B062-5512DD7C58EE} = {51244CFB-1B71-4CDF-A8BE-DED24511BBE3}
		{E1B05B64-E6D8-456C-9716-5252E38064A9} = {51244CFB-1B71-4CDF-A8BE-DED24511BBE3}
		{3647EB03-5070-4C98-B479-C51CE7078D79} = {51244CFB-1B71-4CDF-A8BE-DED24511BBE3}
		{11069FC4-E7D2-4489-AD3B-216FF8571871} = {77798A13-629D-48CA-ABEB-A3802F30B9A6}
		{9F5EAFD7-87B7-4579-A0E0-309689C79D77} = {77798A13-629D-48CA-ABEB-A3802F30B9A6}
		{80EABE58-F386-4213-873B-1BB91FEFC2E2} = {77798A13-629D-48CA-ABEB-A3802F30B9A6}
		{0C70C711-5643-4247-902C-E61EC8371DB4} = {5B4DCEB8-D2E4-43C8-B2DB-489F34608480}
		{FD4C4594-322F-4A17-948A-CAA1F6390112} = {5B4DCEB8-D2E4-43C8-B2DB-489F34608480}
		{A4BB7C8D-D369-4881-949F-BD043D2A3077} = {5B4DCEB8-D2E4-43C8-B2DB-489F34608480}
		{6F50DF04-7E52-4A68-9CEE-0D08C8819048} = {AF8E7D0F-DBB0-4761-99F4-428115F49341}
		{9112C4B4-E5CC-4B8C-81CD-D5A57E52860F} = {AF8E7D0F-DBB0-4761-99F4-428115F49341}
		{C5B470A2-3A71-4DAB-882B-5BFD33ED76F4} = {AF8E7D0F-DBB0-4761-99F4-428115F49341}
	EndGlobalSection
	GlobalSection(ExtensibilityGlobals) = postSolution
		SolutionGuid = {0B2306F9-422E-4B28-AF5A-A8A58BC93DAA}
	EndGlobalSection
EndGlobal
